
Microsoft Visual Studio Solution File, Format Version 12.00
# Visual Studio 15
VisualStudioVersion = 15.0.27130.2010
MinimumVisualStudioVersion = 10.0.40219.1
Project("{FAE04EC0-301F-11D3-BF4B-00C04F79EFBC}") = "QhTemplate.MysqlEntityFrameWorkCore", "QhTemplate.MysqlEntityFrameWorkCore\QhTemplate.MysqlEntityFrameWorkCore.csproj", "{B8CAF446-053F-46EE-9339-F8F730B5EADD}"
EndProject
Project("{FAE04EC0-301F-11D3-BF4B-00C04F79EFBC}") = "QhTemplate.ApplicationService", "QhTemplate.ApplicationService\QhTemplate.ApplicationService.csproj", "{BF432F50-525F-45A8-8807-5D8DB3D1E8F4}"
EndProject
Project("{FAE04EC0-301F-11D3-BF4B-00C04F79EFBC}") = "QhTemplate.AdminWeb", "QhTemplate.AdminWeb\QhTemplate.AdminWeb.csproj", "{54D0586D-AC25-4CEE-88F8-05D2724A21F3}"
EndProject
Project("{2150E333-8FDC-42A3-9474-1A3956D46DE8}") = "UnitTest", "UnitTest", "{F2BBC878-BF4E-4CFE-AE67-059F397C2EC6}"
EndProject
Project("{FAE04EC0-301F-11D3-BF4B-00C04F79EFBC}") = "XUnitTestEntityFrameWorkCore", "XUnitTestEntityFrameWorkCore\XUnitTestEntityFrameWorkCore.csproj", "{2B90BD95-7911-4E1F-8457-712525697AB5}"
EndProject
Project("{FAE04EC0-301F-11D3-BF4B-00C04F79EFBC}") = "ConsoleApp1", "ConsoleApp1\ConsoleApp1.csproj", "{70643C5B-F272-4983-9D23-F70AE8315D87}"
EndProject
Project("{FAE04EC0-301F-11D3-BF4B-00C04F79EFBC}") = "QhTemplate.ApplicationCore", "QhTemplate.ApplicationCore\QhTemplate.ApplicationCore.csproj", "{0DACDF8C-9194-4D9E-AC62-469069BAF5EF}"
EndProject
Project("{FAE04EC0-301F-11D3-BF4B-00C04F79EFBC}") = "QhTemplate.FontWeb", "QhTemplate.FontWeb\QhTemplate.FontWeb.csproj", "{763B4DF8-293E-42A1-9F76-17D649544006}"
EndProject
Global
	GlobalSection(SolutionConfigurationPlatforms) = preSolution
		Debug|Any CPU = Debug|Any CPU
		Release|Any CPU = Release|Any CPU
	EndGlobalSection
	GlobalSection(ProjectConfigurationPlatforms) = postSolution
		{B8CAF446-053F-46EE-9339-F8F730B5EADD}.Debug|Any CPU.ActiveCfg = Debug|Any CPU
		{B8CAF446-053F-46EE-9339-F8F730B5EADD}.Debug|Any CPU.Build.0 = Debug|Any CPU
		{B8CAF446-053F-46EE-9339-F8F730B5EADD}.Release|Any CPU.ActiveCfg = Release|Any CPU
		{B8CAF446-053F-46EE-9339-F8F730B5EADD}.Release|Any CPU.Build.0 = Release|Any CPU
		{BF432F50-525F-45A8-8807-5D8DB3D1E8F4}.Debug|Any CPU.ActiveCfg = Debug|Any CPU
		{BF432F50-525F-45A8-8807-5D8DB3D1E8F4}.Debug|Any CPU.Build.0 = Debug|Any CPU
		{BF432F50-525F-45A8-8807-5D8DB3D1E8F4}.Release|Any CPU.ActiveCfg = Release|Any CPU
		{BF432F50-525F-45A8-8807-5D8DB3D1E8F4}.Release|Any CPU.Build.0 = Release|Any CPU
		{54D0586D-AC25-4CEE-88F8-05D2724A21F3}.Debug|Any CPU.ActiveCfg = Debug|Any CPU
		{54D0586D-AC25-4CEE-88F8-05D2724A21F3}.Debug|Any CPU.Build.0 = Debug|Any CPU
		{54D0586D-AC25-4CEE-88F8-05D2724A21F3}.Release|Any CPU.ActiveCfg = Release|Any CPU
		{54D0586D-AC25-4CEE-88F8-05D2724A21F3}.Release|Any CPU.Build.0 = Release|Any CPU
		{2B90BD95-7911-4E1F-8457-712525697AB5}.Debug|Any CPU.ActiveCfg = Debug|Any CPU
		{2B90BD95-7911-4E1F-8457-712525697AB5}.Debug|Any CPU.Build.0 = Debug|Any CPU
		{2B90BD95-7911-4E1F-8457-712525697AB5}.Release|Any CPU.ActiveCfg = Release|Any CPU
		{2B90BD95-7911-4E1F-8457-712525697AB5}.Release|Any CPU.Build.0 = Release|Any CPU
		{70643C5B-F272-4983-9D23-F70AE8315D87}.Debug|Any CPU.ActiveCfg = Debug|Any CPU
		{70643C5B-F272-4983-9D23-F70AE8315D87}.Debug|Any CPU.Build.0 = Debug|Any CPU
		{70643C5B-F272-4983-9D23-F70AE8315D87}.Release|Any CPU.ActiveCfg = Release|Any CPU
		{70643C5B-F272-4983-9D23-F70AE8315D87}.Release|Any CPU.Build.0 = Release|Any CPU
		{0DACDF8C-9194-4D9E-AC62-469069BAF5EF}.Debug|Any CPU.ActiveCfg = Debug|Any CPU
		{0DACDF8C-9194-4D9E-AC62-469069BAF5EF}.Debug|Any CPU.Build.0 = Debug|Any CPU
		{0DACDF8C-9194-4D9E-AC62-469069BAF5EF}.Release|Any CPU.ActiveCfg = Release|Any CPU
		{0DACDF8C-9194-4D9E-AC62-469069BAF5EF}.Release|Any CPU.Build.0 = Release|Any CPU
		{763B4DF8-293E-42A1-9F76-17D649544006}.Debug|Any CPU.ActiveCfg = Debug|Any CPU
		{763B4DF8-293E-42A1-9F76-17D649544006}.Debug|Any CPU.Build.0 = Debug|Any CPU
		{763B4DF8-293E-42A1-9F76-17D649544006}.Release|Any CPU.ActiveCfg = Release|Any CPU
		{763B4DF8-293E-42A1-9F76-17D649544006}.Release|Any CPU.Build.0 = Release|Any CPU
	EndGlobalSection
	GlobalSection(SolutionProperties) = preSolution
		HideSolutionNode = FALSE
	EndGlobalSection
	GlobalSection(NestedProjects) = preSolution
		{2B90BD95-7911-4E1F-8457-712525697AB5} = {F2BBC878-BF4E-4CFE-AE67-059F397C2EC6}
		{70643C5B-F272-4983-9D23-F70AE8315D87} = {F2BBC878-BF4E-4CFE-AE67-059F397C2EC6}
	EndGlobalSection
	GlobalSection(ExtensibilityGlobals) = postSolution
		SolutionGuid = {A0AA6EC7-408E-4C3D-9851-7CB4F04C1B3B}
	EndGlobalSection
EndGlobal
